
Microsoft Visual Studio Solution File, Format Version 12.00
# Visual Studio Version 16
VisualStudioVersion = 25.0.1705.5
MinimumVisualStudioVersion = 10.0.40219.1
Project("{FAE04EC0-301F-11D3-BF4B-00C04F79EFBC}") = "sum", "sum\sum.csproj", "{FE364044-BBD3-4409-8A76-2235B5BB6AB7}"
EndProject
Global
	GlobalSection(SolutionConfigurationPlatforms) = preSolution
		Debug|Any CPU = Debug|Any CPU
		Release|Any CPU = Release|Any CPU
	EndGlobalSection
	GlobalSection(ProjectConfigurationPlatforms) = postSolution
		{FE364044-BBD3-4409-8A76-2235B5BB6AB7}.Debug|Any CPU.ActiveCfg = Debug|Any CPU
		{FE364044-BBD3-4409-8A76-2235B5BB6AB7}.Debug|Any CPU.Build.0 = Debug|Any CPU
		{FE364044-BBD3-4409-8A76-2235B5BB6AB7}.Release|Any CPU.ActiveCfg = Release|Any CPU
		{FE364044-BBD3-4409-8A76-2235B5BB6AB7}.Release|Any CPU.Build.0 = Release|Any CPU
	EndGlobalSection
	GlobalSection(SolutionProperties) = preSolution
		HideSolutionNode = FALSE
	EndGlobalSection
	GlobalSection(ExtensibilityGlobals) = postSolution
		SolutionGuid = {E5D1317C-49F8-43C4-B037-906865B00C26}
	EndGlobalSection
EndGlobal
